
Microsoft Visual Studio Solution File, Format Version 12.00
# Visual Studio Version 17
VisualStudioVersion = 17.10.34902.84
MinimumVisualStudioVersion = 10.0.40219.1
Project("{FAE04EC0-301F-11D3-BF4B-00C04F79EFBC}") = "TS_DAY_3_DOT_NET", "TS_DAY_3_DOT_NET\TS_DAY_3_DOT_NET.csproj", "{80CA974A-C23B-4376-B43B-CAA2D58A3DE9}"
EndProject
Global
	GlobalSection(SolutionConfigurationPlatforms) = preSolution
		Debug|Any CPU = Debug|Any CPU
		Release|Any CPU = Release|Any CPU
	EndGlobalSection
	GlobalSection(ProjectConfigurationPlatforms) = postSolution
		{80CA974A-C23B-4376-B43B-CAA2D58A3DE9}.Debug|Any CPU.ActiveCfg = Debug|Any CPU
		{80CA974A-C23B-4376-B43B-CAA2D58A3DE9}.Debug|Any CPU.Build.0 = Debug|Any CPU
		{80CA974A-C23B-4376-B43B-CAA2D58A3DE9}.Release|Any CPU.ActiveCfg = Release|Any CPU
		{80CA974A-C23B-4376-B43B-CAA2D58A3DE9}.Release|Any CPU.Build.0 = Release|Any CPU
	EndGlobalSection
	GlobalSection(SolutionProperties) = preSolution
		HideSolutionNode = FALSE
	EndGlobalSection
	GlobalSection(ExtensibilityGlobals) = postSolution
		SolutionGuid = {21519B1A-C953-4FFC-9963-A8ABA0D42AC6}
	EndGlobalSection
EndGlobal
